
Microsoft Visual Studio Solution File, Format Version 12.00
# Visual Studio Version 16
VisualStudioVersion = 16.0.31624.102
MinimumVisualStudioVersion = 10.0.40219.1
Project("{FAE04EC0-301F-11D3-BF4B-00C04F79EFBC}") = "gitapp", "gitapp\gitapp.csproj", "{22CB892A-7FF1-4277-8F5B-715674A90D44}"
EndProject
Global
	GlobalSection(SolutionConfigurationPlatforms) = preSolution
		Debug|Any CPU = Debug|Any CPU
		Release|Any CPU = Release|Any CPU
	EndGlobalSection
	GlobalSection(ProjectConfigurationPlatforms) = postSolution
		{22CB892A-7FF1-4277-8F5B-715674A90D44}.Debug|Any CPU.ActiveCfg = Debug|Any CPU
		{22CB892A-7FF1-4277-8F5B-715674A90D44}.Debug|Any CPU.Build.0 = Debug|Any CPU
		{22CB892A-7FF1-4277-8F5B-715674A90D44}.Release|Any CPU.ActiveCfg = Release|Any CPU
		{22CB892A-7FF1-4277-8F5B-715674A90D44}.Release|Any CPU.Build.0 = Release|Any CPU
	EndGlobalSection
	GlobalSection(SolutionProperties) = preSolution
		HideSolutionNode = FALSE
	EndGlobalSection
	GlobalSection(ExtensibilityGlobals) = postSolution
		SolutionGuid = {4EEB79F2-88E8-46C2-9183-D2BEF6E0D68F}
	EndGlobalSection
EndGlobal
